
Microsoft Visual Studio Solution File, Format Version 12.00
# Visual Studio Version 17
VisualStudioVersion = 17.10.35013.160
MinimumVisualStudioVersion = 10.0.40219.1
Project("{9A19103F-16F7-4668-BE54-9A1E7A4F7556}") = "gacha", "gacha\gacha.csproj", "{F87B42D9-846B-4A55-A29F-04611BEF8E62}"
EndProject
Project("{FAE04EC0-301F-11D3-BF4B-00C04F79EFBC}") = "szAPI", "szAPI\szAPI.csproj", "{454DEC2E-291C-4742-9F83-6D843E8CFFF6}"
EndProject
Global
	GlobalSection(SolutionConfigurationPlatforms) = preSolution
		Debug|Any CPU = Debug|Any CPU
		Release|Any CPU = Release|Any CPU
	EndGlobalSection
	GlobalSection(ProjectConfigurationPlatforms) = postSolution
		{F87B42D9-846B-4A55-A29F-04611BEF8E62}.Debug|Any CPU.ActiveCfg = Debug|Any CPU
		{F87B42D9-846B-4A55-A29F-04611BEF8E62}.Debug|Any CPU.Build.0 = Debug|Any CPU
		{F87B42D9-846B-4A55-A29F-04611BEF8E62}.Release|Any CPU.ActiveCfg = Release|Any CPU
		{F87B42D9-846B-4A55-A29F-04611BEF8E62}.Release|Any CPU.Build.0 = Release|Any CPU
		{454DEC2E-291C-4742-9F83-6D843E8CFFF6}.Debug|Any CPU.ActiveCfg = Debug|Any CPU
		{454DEC2E-291C-4742-9F83-6D843E8CFFF6}.Debug|Any CPU.Build.0 = Debug|Any CPU
		{454DEC2E-291C-4742-9F83-6D843E8CFFF6}.Release|Any CPU.ActiveCfg = Release|Any CPU
		{454DEC2E-291C-4742-9F83-6D843E8CFFF6}.Release|Any CPU.Build.0 = Release|Any CPU
	EndGlobalSection
	GlobalSection(SolutionProperties) = preSolution
		HideSolutionNode = FALSE
	EndGlobalSection
	GlobalSection(ExtensibilityGlobals) = postSolution
		SolutionGuid = {F0334FA9-ECB1-4373-B0C7-FF30FE1D0DD2}
	EndGlobalSection
EndGlobal
